
Microsoft Visual Studio Solution File, Format Version 12.00
# Visual Studio Version 16
VisualStudioVersion = 16.0.29728.190
MinimumVisualStudioVersion = 10.0.40219.1
Project("{FAE04EC0-301F-11D3-BF4B-00C04F79EFBC}") = "ConsoleAppTestPractise", "ConsoleAppTestPractise\ConsoleAppTestPractise.csproj", "{45D98BC6-2C04-4AF3-8246-28281025BE57}"
EndProject
Global
	GlobalSection(SolutionConfigurationPlatforms) = preSolution
		Debug|Any CPU = Debug|Any CPU
		Release|Any CPU = Release|Any CPU
	EndGlobalSection
	GlobalSection(ProjectConfigurationPlatforms) = postSolution
		{45D98BC6-2C04-4AF3-8246-28281025BE57}.Debug|Any CPU.ActiveCfg = Debug|Any CPU
		{45D98BC6-2C04-4AF3-8246-28281025BE57}.Debug|Any CPU.Build.0 = Debug|Any CPU
		{45D98BC6-2C04-4AF3-8246-28281025BE57}.Release|Any CPU.ActiveCfg = Release|Any CPU
		{45D98BC6-2C04-4AF3-8246-28281025BE57}.Release|Any CPU.Build.0 = Release|Any CPU
	EndGlobalSection
	GlobalSection(SolutionProperties) = preSolution
		HideSolutionNode = FALSE
	EndGlobalSection
	GlobalSection(ExtensibilityGlobals) = postSolution
		SolutionGuid = {A924F796-2C50-4E7C-89C8-A9E3FE1E098B}
	EndGlobalSection
EndGlobal
